
Microsoft Visual Studio Solution File, Format Version 12.00
Project("{FAE04EC0-301F-11D3-BF4B-00C04F79EFBC}") = "App", "App\App.csproj", "{AA359B78-B283-441C-A321-EA74906D6517}"
EndProject
Global
	GlobalSection(SolutionConfigurationPlatforms) = preSolution
		Debug|Any CPU = Debug|Any CPU
		Release|Any CPU = Release|Any CPU
	EndGlobalSection
	GlobalSection(ProjectConfigurationPlatforms) = postSolution
		{AA359B78-B283-441C-A321-EA74906D6517}.Debug|Any CPU.ActiveCfg = Debug|Any CPU
		{AA359B78-B283-441C-A321-EA74906D6517}.Debug|Any CPU.Build.0 = Debug|Any CPU
		{AA359B78-B283-441C-A321-EA74906D6517}.Release|Any CPU.ActiveCfg = Release|Any CPU
		{AA359B78-B283-441C-A321-EA74906D6517}.Release|Any CPU.Build.0 = Release|Any CPU
	EndGlobalSection
EndGlobal
